PODS:
  - ChameleonFramework (2.1.0):
    - ChameleonFramework/Default (= 2.1.0)
  - ChameleonFramework/Default (2.1.0)

DEPENDENCIES:
  - ChameleonFramework (~> 2.1)

SPEC REPOS:
  https://github.com/cocoapods/specs.git:
    - ChameleonFramework

SPEC CHECKSUMS:
  ChameleonFramework: d21a3cc247abfe5e37609a283a8238b03575cf64

PODFILE CHECKSUM: abba236b475171562029706ee1f9f740f50bd629

COCOAPODS: 1.5.3
